
Microsoft Visual Studio Solution File, Format Version 12.00
# Visual Studio Version 17
VisualStudioVersion = 17.5.33530.505
MinimumVisualStudioVersion = 10.0.40219.1
Project("{FAE04EC0-301F-11D3-BF4B-00C04F79EFBC}") = "DesignPatterns.Decorator", "src\DesignPatterns.Decorator\DesignPatterns.Decorator.csproj", "{D6AA9992-EF20-48D7-982D-22AF07DE1485}"
EndProject
Global
	GlobalSection(SolutionConfigurationPlatforms) = preSolution
		Debug|Any CPU = Debug|Any CPU
		Release|Any CPU = Release|Any CPU
	EndGlobalSection
	GlobalSection(ProjectConfigurationPlatforms) = postSolution
		{D6AA9992-EF20-48D7-982D-22AF07DE1485}.Debug|Any CPU.ActiveCfg = Debug|Any CPU
		{D6AA9992-EF20-48D7-982D-22AF07DE1485}.Debug|Any CPU.Build.0 = Debug|Any CPU
		{D6AA9992-EF20-48D7-982D-22AF07DE1485}.Release|Any CPU.ActiveCfg = Release|Any CPU
		{D6AA9992-EF20-48D7-982D-22AF07DE1485}.Release|Any CPU.Build.0 = Release|Any CPU
	EndGlobalSection
	GlobalSection(SolutionProperties) = preSolution
		HideSolutionNode = FALSE
	EndGlobalSection
	GlobalSection(ExtensibilityGlobals) = postSolution
		SolutionGuid = {D53747FC-615F-4468-86B8-E7B1BAC89798}
	EndGlobalSection
EndGlobal
