
Microsoft Visual Studio Solution File, Format Version 12.00
# Visual Studio Version 17
VisualStudioVersion = 17.5.33530.505
MinimumVisualStudioVersion = 10.0.40219.1
Project("{9A19103F-16F7-4668-BE54-9A1E7A4F7556}") = "DesignPatterns.Decorator", "src\DesignPatterns.Decorator\DesignPatterns.Decorator.csproj", "{D6AA9992-EF20-48D7-982D-22AF07DE1485}"
EndProject
Project("{9A19103F-16F7-4668-BE54-9A1E7A4F7556}") = "DesignPatterns.Facade", "src\DesignPatterns.Facade\DesignPatterns.Facade.csproj", "{53F67477-CF2B-48BD-874D-9FE507CC61B3}"
EndProject
Project("{9A19103F-16F7-4668-BE54-9A1E7A4F7556}") = "DesignPatterns.Bridge", "src\DesignPatterns.Bridge\DesignPatterns.Bridge.csproj", "{3787801B-849F-4E18-9AA0-861011959F8F}"
EndProject
Project("{9A19103F-16F7-4668-BE54-9A1E7A4F7556}") = "DesignPatterns.Proxy", "src\DesignPatterns.Proxy\DesignPatterns.Proxy.csproj", "{2402071B-FF43-4ADA-869B-B889940B16DE}"
EndProject
Project("{9A19103F-16F7-4668-BE54-9A1E7A4F7556}") = "DesignPatterns.Composite", "src\DesignPatterns.Composite\DesignPatterns.Composite.csproj", "{C1A3B109-76EC-486F-9084-D9990D6A89B6}"
EndProject
Project("{9A19103F-16F7-4668-BE54-9A1E7A4F7556}") = "DesignPatterns.Adapter", "src\DesignPatterns.Adapter\DesignPatterns.Adapter.csproj", "{5F862520-6241-4FC0-A38A-920C752825EC}"
EndProject
Project("{9A19103F-16F7-4668-BE54-9A1E7A4F7556}") = "DesignPatterns.Singletone", "src\DesignPatterns.Singletone\DesignPatterns.Singletone.csproj", "{36E7B100-4888-4FE4-8AD4-B006CE6CDE46}"
EndProject
Project("{FAE04EC0-301F-11D3-BF4B-00C04F79EFBC}") = "DesignPatterns.Prototype", "src\DesignPatterns.Prototype\DesignPatterns.Prototype.csproj", "{D7F4754D-4BD6-44BB-B31F-BB4BEA53F1D3}"
EndProject
Global
	GlobalSection(SolutionConfigurationPlatforms) = preSolution
		Debug|Any CPU = Debug|Any CPU
		Release|Any CPU = Release|Any CPU
	EndGlobalSection
	GlobalSection(ProjectConfigurationPlatforms) = postSolution
		{D6AA9992-EF20-48D7-982D-22AF07DE1485}.Debug|Any CPU.ActiveCfg = Debug|Any CPU
		{D6AA9992-EF20-48D7-982D-22AF07DE1485}.Debug|Any CPU.Build.0 = Debug|Any CPU
		{D6AA9992-EF20-48D7-982D-22AF07DE1485}.Release|Any CPU.ActiveCfg = Release|Any CPU
		{D6AA9992-EF20-48D7-982D-22AF07DE1485}.Release|Any CPU.Build.0 = Release|Any CPU
		{53F67477-CF2B-48BD-874D-9FE507CC61B3}.Debug|Any CPU.ActiveCfg = Debug|Any CPU
		{53F67477-CF2B-48BD-874D-9FE507CC61B3}.Debug|Any CPU.Build.0 = Debug|Any CPU
		{53F67477-CF2B-48BD-874D-9FE507CC61B3}.Release|Any CPU.ActiveCfg = Release|Any CPU
		{53F67477-CF2B-48BD-874D-9FE507CC61B3}.Release|Any CPU.Build.0 = Release|Any CPU
		{3787801B-849F-4E18-9AA0-861011959F8F}.Debug|Any CPU.ActiveCfg = Debug|Any CPU
		{3787801B-849F-4E18-9AA0-861011959F8F}.Debug|Any CPU.Build.0 = Debug|Any CPU
		{3787801B-849F-4E18-9AA0-861011959F8F}.Release|Any CPU.ActiveCfg = Release|Any CPU
		{3787801B-849F-4E18-9AA0-861011959F8F}.Release|Any CPU.Build.0 = Release|Any CPU
		{2402071B-FF43-4ADA-869B-B889940B16DE}.Debug|Any CPU.ActiveCfg = Debug|Any CPU
		{2402071B-FF43-4ADA-869B-B889940B16DE}.Debug|Any CPU.Build.0 = Debug|Any CPU
		{2402071B-FF43-4ADA-869B-B889940B16DE}.Release|Any CPU.ActiveCfg = Release|Any CPU
		{2402071B-FF43-4ADA-869B-B889940B16DE}.Release|Any CPU.Build.0 = Release|Any CPU
		{C1A3B109-76EC-486F-9084-D9990D6A89B6}.Debug|Any CPU.ActiveCfg = Debug|Any CPU
		{C1A3B109-76EC-486F-9084-D9990D6A89B6}.Debug|Any CPU.Build.0 = Debug|Any CPU
		{C1A3B109-76EC-486F-9084-D9990D6A89B6}.Release|Any CPU.ActiveCfg = Release|Any CPU
		{C1A3B109-76EC-486F-9084-D9990D6A89B6}.Release|Any CPU.Build.0 = Release|Any CPU
		{5F862520-6241-4FC0-A38A-920C752825EC}.Debug|Any CPU.ActiveCfg = Debug|Any CPU
		{5F862520-6241-4FC0-A38A-920C752825EC}.Debug|Any CPU.Build.0 = Debug|Any CPU
		{5F862520-6241-4FC0-A38A-920C752825EC}.Release|Any CPU.ActiveCfg = Release|Any CPU
		{5F862520-6241-4FC0-A38A-920C752825EC}.Release|Any CPU.Build.0 = Release|Any CPU
		{36E7B100-4888-4FE4-8AD4-B006CE6CDE46}.Debug|Any CPU.ActiveCfg = Debug|Any CPU
		{36E7B100-4888-4FE4-8AD4-B006CE6CDE46}.Debug|Any CPU.Build.0 = Debug|Any CPU
		{36E7B100-4888-4FE4-8AD4-B006CE6CDE46}.Release|Any CPU.ActiveCfg = Release|Any CPU
		{36E7B100-4888-4FE4-8AD4-B006CE6CDE46}.Release|Any CPU.Build.0 = Release|Any CPU
		{D7F4754D-4BD6-44BB-B31F-BB4BEA53F1D3}.Debug|Any CPU.ActiveCfg = Debug|Any CPU
		{D7F4754D-4BD6-44BB-B31F-BB4BEA53F1D3}.Debug|Any CPU.Build.0 = Debug|Any CPU
		{D7F4754D-4BD6-44BB-B31F-BB4BEA53F1D3}.Release|Any CPU.ActiveCfg = Release|Any CPU
		{D7F4754D-4BD6-44BB-B31F-BB4BEA53F1D3}.Release|Any CPU.Build.0 = Release|Any CPU
	EndGlobalSection
	GlobalSection(SolutionProperties) = preSolution
		HideSolutionNode = FALSE
	EndGlobalSection
	GlobalSection(ExtensibilityGlobals) = postSolution
		SolutionGuid = {D53747FC-615F-4468-86B8-E7B1BAC89798}
	EndGlobalSection
EndGlobal
